// !$*UTF8*$!
{
	archiveVersion = 1;
	classes = {
	};
	objectVersion = 46;
	objects = {

/* Begin PBXBuildFile section */
		D9E27CD7186D51D400C4CBEE /* Foundation.framework in Frameworks */ = {isa = PBXBuildFile; fileRef = D9E27CD6186D51D400C4CBEE /* Foundation.framework */; };
		D9E27CD9186D51D400C4CBEE /* CoreGraphics.framework in Frameworks */ = {isa = PBXBuildFile; fileRef = D9E27CD8186D51D400C4CBEE /* CoreGraphics.framework */; };
		D9E27CDB186D51D400C4CBEE /* UIKit.framework in Frameworks */ = {isa = PBXBuildFile; fileRef = D9E27CDA186D51D400C4CBEE /* UIKit.framework */; };
		D9E27CE1186D51D400C4CBEE /* InfoPlist.strings in Resources */ = {isa = PBXBuildFile; fileRef = D9E27CDF186D51D400C4CBEE /* InfoPlist.strings */; };
		D9E27CE3186D51D400C4CBEE /* main.m in Sources */ = {isa = PBXBuildFile; fileRef = D9E27CE2186D51D400C4CBEE /* main.m */; };
		D9E27CE7186D51D400C4CBEE /* WJZAppDelegate.m in Sources */ = {isa = PBXBuildFile; fileRef = D9E27CE6186D51D400C4CBEE /* WJZAppDelegate.m */; };
		D9E27CEA186D51D400C4CBEE /* Main.storyboard in Resources */ = {isa = PBXBuildFile; fileRef = D9E27CE8186D51D400C4CBEE /* Main.storyboard */; };
		D9E27CED186D51D400C4CBEE /* WJZViewController.m in Sources */ = {isa = PBXBuildFile; fileRef = D9E27CEC186D51D400C4CBEE /* WJZViewController.m */; };
		D9E27CEF186D51D400C4CBEE /* Images.xcassets in Resources */ = {isa = PBXBuildFile; fileRef = D9E27CEE186D51D400C4CBEE /* Images.xcassets */; };
		D9E27CF6186D51D400C4CBEE /* XCTest.framework in Frameworks */ = {isa = PBXBuildFile; fileRef = D9E27CF5186D51D400C4CBEE /* XCTest.framework */; };
		D9E27CF7186D51D400C4CBEE /* Foundation.framework in Frameworks */ = {isa = PBXBuildFile; fileRef = D9E27CD6186D51D400C4CBEE /* Foundation.framework */; };
		D9E27CF8186D51D400C4CBEE /* UIKit.framework in Frameworks */ = {isa = PBXBuildFile; fileRef = D9E27CDA186D51D400C4CBEE /* UIKit.framework */; };
		D9E27D00186D51D400C4CBEE /* InfoPlist.strings in Resources */ = {isa = PBXBuildFile; fileRef = D9E27CFE186D51D400C4CBEE /* InfoPlist.strings */; };
		D9E27D02186D51D400C4CBEE /* WebViewDemoTests.m in Sources */ = {isa = PBXBuildFile; fileRef = D9E27D01186D51D400C4CBEE /* WebViewDemoTests.m */; };
		D9E27D0C186D557A00C4CBEE /* student.xls in Resources */ = {isa = PBXBuildFile; fileRef = D9E27D0B186D557A00C4CBEE /* student.xls */; };
/* End PBXBuildFile section */

/* Begin PBXContainerItemProxy section */
		D9E27CF9186D51D400C4CBEE /* PBXContainerItemProxy */ = {
			isa = PBXContainerItemProxy;
			containerPortal = D9E27CCB186D51D400C4CBEE /* Project object */;
			proxyType = 1;
			remoteGlobalIDString = D9E27CD2186D51D400C4CBEE;
			remoteInfo = WebViewDemo;
		};
/* End PBXContainerItemProxy section */

/* Begin PBXFileReference section */
		D9E27CD3186D51D400C4CBEE /* WebViewDemo.app */ = {isa = PBXFileReference; explicitFileType = wrapper.application; includeInIndex = 0; path = WebViewDemo.app; sourceTree = BUILT_PRODUCTS_DIR; };
		D9E27CD6186D51D400C4CBEE /* Foundation.framework */ = {isa = PBXFileReference; lastKnownFileType = wrapper.framework; name = Foundation.framework; path = System/Library/Frameworks/Foundation.framework; sourceTree = SDKROOT; };
		D9E27CD8186D51D400C4CBEE /* CoreGraphics.framework */ = {isa = PBXFileReference; lastKnownFileType = wrapper.framework; name = CoreGraphics.framework; path = System/Library/Frameworks/CoreGraphics.framework; sourceTree = SDKROOT; };
		D9E27CDA186D51D400C4CBEE /* UIKit.framework */ = {isa = PBXFileReference; lastKnownFileType = wrapper.framework; name = UIKit.framework; path = System/Library/Frameworks/UIKit.framework; sourceTree = SDKROOT; };
		D9E27CDE186D51D400C4CBEE /* WebViewDemo-Info.plist */ = {isa = PBXFileReference; lastKnownFileType = text.plist.xml; path = "WebViewDemo-Info.plist"; sourceTree = "<group>"; };
		D9E27CE0186D51D400C4CBEE /* en */ = {isa = PBXFileReference; lastKnownFileType = text.plist.strings; name = en; path = en.lproj/InfoPlist.strings; sourceTree = "<group>"; };
		D9E27CE2186D51D400C4CBEE /* main.m */ = {isa = PBXFileReference; lastKnownFileType = sourcecode.c.objc; path = main.m; sourceTree = "<group>"; };
		D9E27CE4186D51D400C4CBEE /* WebViewDemo-Prefix.pch */ = {isa = PBXFileReference; lastKnownFileType = sourcecode.c.h; path = "WebViewDemo-Prefix.pch"; sourceTree = "<group>"; };
		D9E27CE5186D51D400C4CBEE /* WJZAppDelegate.h */ = {isa = PBXFileReference; lastKnownFileType = sourcecode.c.h; path = WJZAppDelegate.h; sourceTree = "<group>"; };
		D9E27CE6186D51D400C4CBEE /* WJZAppDelegate.m */ = {isa = PBXFileReference; lastKnownFileType = sourcecode.c.objc; path = WJZAppDelegate.m; sourceTree = "<group>"; };
		D9E27CE9186D51D400C4CBEE /* Base */ = {isa = PBXFileReference; lastKnownFileType = file.storyboard; name = Base; path = Base.lproj/Main.storyboard; sourceTree = "<group>"; };
		D9E27CEB186D51D400C4CBEE /* WJZViewController.h */ = {isa = PBXFileReference; lastKnownFileType = sourcecode.c.h; path = WJZViewController.h; sourceTree = "<group>"; };
		D9E27CEC186D51D400C4CBEE /* WJZViewController.m */ = {isa = PBXFileReference; lastKnownFileType = sourcecode.c.objc; path = WJZViewController.m; sourceTree = "<group>"; };
		D9E27CEE186D51D400C4CBEE /* Images.xcassets */ = {isa = PBXFileReference; lastKnownFileType = folder.assetcatalog; path = Images.xcassets; sourceTree = "<group>"; };
		D9E27CF4186D51D400C4CBEE /* WebViewDemoTests.xctest */ = {isa = PBXFileReference; explicitFileType = wrapper.cfbundle; includeInIndex = 0; path = WebViewDemoTests.xctest; sourceTree = BUILT_PRODUCTS_DIR; };
		D9E27CF5186D51D400C4CBEE /* XCTest.framework */ = {isa = PBXFileReference; lastKnownFileType = wrapper.framework; name = XCTest.framework; path = Library/Frameworks/XCTest.framework; sourceTree = DEVELOPER_DIR; };
		D9E27CFD186D51D400C4CBEE /* WebViewDemoTests-Info.plist */ = {isa = PBXFileReference; lastKnownFileType = text.plist.xml; path = "WebViewDemoTests-Info.plist"; sourceTree = "<group>"; };
		D9E27CFF186D51D400C4CBEE /* en */ = {isa = PBXFileReference; lastKnownFileType = text.plist.strings; name = en; path = en.lproj/InfoPlist.strings; sourceTree = "<group>"; };
		D9E27D01186D51D400C4CBEE /* WebViewDemoTests.m */ = {isa = PBXFileReference; lastKnownFileType = sourcecode.c.objc; path = WebViewDemoTests.m; sourceTree = "<group>"; };
		D9E27D0B186D557A00C4CBEE /* student.xls */ = {isa = PBXFileReference; lastKnownFileType = file; path = student.xls; sourceTree = "<group>"; };
/* End PBXFileReference section */

/* Begin PBXFrameworksBuildPhase section */
		D9E27CD0186D51D400C4CBEE /* Frameworks */ = {
			isa = PBXFrameworksBuildPhase;
			buildActionMask = 2147483647;
			files = (
				D9E27CD9186D51D400C4CBEE /* CoreGraphics.framework in Frameworks */,
				D9E27CDB186D51D400C4CBEE /* UIKit.framework in Frameworks */,
				D9E27CD7186D51D400C4CBEE /* Foundation.framework in Frameworks */,
			);
			runOnlyForDeploymentPostprocessing = 0;
		};
		D9E27CF1186D51D400C4CBEE /* Frameworks */ = {
			isa = PBXFrameworksBuildPhase;
			buildActionMask = 2147483647;
			files = (
				D9E27CF6186D51D400C4CBEE /* XCTest.framework in Frameworks */,
				D9E27CF8186D51D400C4CBEE /* UIKit.framework in Frameworks */,
				D9E27CF7186D51D400C4CBEE /* Foundation.framework in Frameworks */,
			);
			runOnlyForDeploymentPostprocessing = 0;
		};
/* End PBXFrameworksBuildPhase section */

/* Begin PBXGroup section */
		D9E27CCA186D51D400C4CBEE = {
			isa = PBXGroup;
			children = (
				D9E27CDC186D51D400C4CBEE /* WebViewDemo */,
				D9E27CFB186D51D400C4CBEE /* WebViewDemoTests */,
				D9E27CD5186D51D400C4CBEE /* Frameworks */,
				D9E27CD4186D51D400C4CBEE /* Products */,
			);
			sourceTree = "<group>";
		};
		D9E27CD4186D51D400C4CBEE /* Products */ = {
			isa = PBXGroup;
			children = (
				D9E27CD3186D51D400C4CBEE /* WebViewDemo.app */,
				D9E27CF4186D51D400C4CBEE /* WebViewDemoTests.xctest */,
			);
			name = Products;
			sourceTree = "<group>";
		};
		D9E27CD5186D51D400C4CBEE /* Frameworks */ = {
			isa = PBXGroup;
			children = (
				D9E27CD6186D51D400C4CBEE /* Foundation.framework */,
				D9E27CD8186D51D400C4CBEE /* CoreGraphics.framework */,
				D9E27CDA186D51D400C4CBEE /* UIKit.framework */,
				D9E27CF5186D51D400C4CBEE /* XCTest.framework */,
			);
			name = Frameworks;
			sourceTree = "<group>";
		};
		D9E27CDC186D51D400C4CBEE /* WebViewDemo */ = {
			isa = PBXGroup;
			children = (
				D9E27CE5186D51D400C4CBEE /* WJZAppDelegate.h */,
				D9E27CE6186D51D400C4CBEE /* WJZAppDelegate.m */,
				D9E27CE8186D51D400C4CBEE /* Main.storyboard */,
				D9E27CEB186D51D400C4CBEE /* WJZViewController.h */,
				D9E27CEC186D51D400C4CBEE /* WJZViewController.m */,
				D9E27D0B186D557A00C4CBEE /* student.xls */,
				D9E27CEE186D51D400C4CBEE /* Images.xcassets */,
				D9E27CDD186D51D400C4CBEE /* Supporting Files */,
			);
			path = WebViewDemo;
			sourceTree = "<group>";
		};
		D9E27CDD186D51D400C4CBEE /* Supporting Files */ = {
			isa = PBXGroup;
			children = (
				D9E27CDE186D51D400C4CBEE /* WebViewDemo-Info.plist */,
				D9E27CDF186D51D400C4CBEE /* InfoPlist.strings */,
				D9E27CE2186D51D400C4CBEE /* main.m */,
				D9E27CE4186D51D400C4CBEE /* WebViewDemo-Prefix.pch */,
			);
			name = "Supporting Files";
			sourceTree = "<group>";
		};
		D9E27CFB186D51D400C4CBEE /* WebViewDemoTests */ = {
			isa = PBXGroup;
			children = (
				D9E27D01186D51D400C4CBEE /* WebViewDemoTests.m */,
				D9E27CFC186D51D400C4CBEE /* Supporting Files */,
			);
			path = WebViewDemoTests;
			sourceTree = "<group>";
		};
		D9E27CFC186D51D400C4CBEE /* Supporting Files */ = {
			isa = PBXGroup;
			children = (
				D9E27CFD186D51D400C4CBEE /* WebViewDemoTests-Info.plist */,
				D9E27CFE186D51D400C4CBEE /* InfoPlist.strings */,
			);
			name = "Supporting Files";
			sourceTree = "<group>";
		};
/* End PBXGroup section */

/* Begin PBXNativeTarget section */
		D9E27CD2186D51D400C4CBEE /* WebViewDemo */ = {
			isa = PBXNativeTarget;
			buildConfigurationList = D9E27D05186D51D400C4CBEE /* Build configuration list for PBXNativeTarget "WebViewDemo" */;
			buildPhases = (
				D9E27CCF186D51D400C4CBEE /* Sources */,
				D9E27CD0186D51D400C4CBEE /* Frameworks */,
				D9E27CD1186D51D400C4CBEE /* Resources */,
			);
			buildRules = (
			);
			dependencies = (
			);
			name = WebViewDemo;
			productName = WebViewDemo;
			productReference = D9E27CD3186D51D400C4CBEE /* WebViewDemo.app */;
			productType = "com.apple.product-type.application";
		};
		D9E27CF3186D51D400C4CBEE /* WebViewDemoTests */ = {
			isa = PBXNativeTarget;
			buildConfigurationList = D9E27D08186D51D400C4CBEE /* Build configuration list for PBXNativeTarget "WebViewDemoTests" */;
			buildPhases = (
				D9E27CF0186D51D400C4CBEE /* Sources */,
				D9E27CF1186D51D400C4CBEE /* Frameworks */,
				D9E27CF2186D51D400C4CBEE /* Resources */,
			);
			buildRules = (
			);
			dependencies = (
				D9E27CFA186D51D400C4CBEE /* PBXTargetDependency */,
			);
			name = WebViewDemoTests;
			productName = WebViewDemoTests;
			productReference = D9E27CF4186D51D400C4CBEE /* WebViewDemoTests.xctest */;
			productType = "com.apple.product-type.bundle.unit-test";
		};
/* End PBXNativeTarget section */

/* Begin PBXProject section */
		D9E27CCB186D51D400C4CBEE /* Project object */ = {
			isa = PBXProject;
			attributes = {
				CLASSPREFIX = WJZ;
				LastUpgradeCheck = 0500;
				ORGANIZATIONNAME = wangjiazheng;
				TargetAttributes = {
					D9E27CF3186D51D400C4CBEE = {
						TestTargetID = D9E27CD2186D51D400C4CBEE;
					};
				};
			};
			buildConfigurationList = D9E27CCE186D51D400C4CBEE /* Build configuration list for PBXProject "WebViewDemo" */;
			compatibilityVersion = "Xcode 3.2";
			developmentRegion = English;
			hasScannedForEncodings = 0;
			knownRegions = (
				en,
				Base,
			);
			mainGroup = D9E27CCA186D51D400C4CBEE;
			productRefGroup = D9E27CD4186D51D400C4CBEE /* Products */;
			projectDirPath = "";
			projectRoot = "";
			targets = (
				D9E27CD2186D51D400C4CBEE /* WebViewDemo */,
				D9E27CF3186D51D400C4CBEE /* WebViewDemoTests */,
			);
		};
/* End PBXProject section */

/* Begin PBXResourcesBuildPhase section */
		D9E27CD1186D51D400C4CBEE /* Resources */ = {
			isa = PBXResourcesBuildPhase;
			buildActionMask = 2147483647;
			files = (
				D9E27CEF186D51D400C4CBEE /* Images.xcassets in Resources */,
				D9E27CE1186D51D400C4CBEE /* InfoPlist.strings in Resources */,
				D9E27CEA186D51D400C4CBEE /* Main.storyboard in Resources */,
				D9E27D0C186D557A00C4CBEE /* student.xls in Resources */,
			);
			runOnlyForDeploymentPostprocessing = 0;
		};
		D9E27CF2186D51D400C4CBEE /* Resources */ = {
			isa = PBXResourcesBuildPhase;
			buildActionMask = 2147483647;
			files = (
				D9E27D00186D51D400C4CBEE /* InfoPlist.strings in Resources */,
			);
			runOnlyForDeploymentPostprocessing = 0;
		};
/* End PBXResourcesBuildPhase section */

/* Begin PBXSourcesBuildPhase section */
		D9E27CCF186D51D400C4CBEE /* Sources */ = {
			isa = PBXSourcesBuildPhase;
			buildActionMask = 2147483647;
			files = (
				D9E27CE7186D51D400C4CBEE /* WJZAppDelegate.m in Sources */,
				D9E27CED186D51D400C4CBEE /* WJZViewController.m in Sources */,
				D9E27CE3186D51D400C4CBEE /* main.m in Sources */,
			);
			runOnlyForDeploymentPostprocessing = 0;
		};
		D9E27CF0186D51D400C4CBEE /* Sources */ = {
			isa = PBXSourcesBuildPhase;
			buildActionMask = 2147483647;
			files = (
				D9E27D02186D51D400C4CBEE /* WebViewDemoTests.m in Sources */,
			);
			runOnlyForDeploymentPostprocessing = 0;
		};
/* End PBXSourcesBuildPhase section */

/* Begin PBXTargetDependency section */
		D9E27CFA186D51D400C4CBEE /* PBXTargetDependency */ = {
			isa = PBXTargetDependency;
			target = D9E27CD2186D51D400C4CBEE /* WebViewDemo */;
			targetProxy = D9E27CF9186D51D400C4CBEE /* PBXContainerItemProxy */;
		};
/* End PBXTargetDependency section */

/* Begin PBXVariantGroup section */
		D9E27CDF186D51D400C4CBEE /* InfoPlist.strings */ = {
			isa = PBXVariantGroup;
			children = (
				D9E27CE0186D51D400C4CBEE /* en */,
			);
			name = InfoPlist.strings;
			sourceTree = "<group>";
		};
		D9E27CE8186D51D400C4CBEE /* Main.storyboard */ = {
			isa = PBXVariantGroup;
			children = (
				D9E27CE9186D51D400C4CBEE /* Base */,
			);
			name = Main.storyboard;
			sourceTree = "<group>";
		};
		D9E27CFE186D51D400C4CBEE /* InfoPlist.strings */ = {
			isa = PBXVariantGroup;
			children = (
				D9E27CFF186D51D400C4CBEE /* en */,
			);
			name = InfoPlist.strings;
			sourceTree = "<group>";
		};
/* End PBXVariantGroup section */

/* Begin XCBuildConfiguration section */
		D9E27D03186D51D400C4CBEE /* Debug */ = {
			isa = XCBuildConfiguration;
			buildSettings = {
				ALWAYS_SEARCH_USER_PATHS = NO;
				ARCHS = "$(ARCHS_STANDARD_INCLUDING_64_BIT)";
				CLANG_CXX_LANGUAGE_STANDARD = "gnu++0x";
				CLANG_CXX_LIBRARY = "libc++";
				CLANG_ENABLE_MODULES = YES;
				CLANG_ENABLE_OBJC_ARC = YES;
				CLANG_WARN_BOOL_CONVERSION = YES;
				CLANG_WARN_CONSTANT_CONVERSION = YES;
				CLANG_WARN_DIRECT_OBJC_ISA_USAGE = YES_ERROR;
				CLANG_WARN_EMPTY_BODY = YES;
				CLANG_WARN_ENUM_CONVERSION = YES;
				CLANG_WARN_INT_CONVERSION = YES;
				CLANG_WARN_OBJC_ROOT_CLASS = YES_ERROR;
				CLANG_WARN__DUPLICATE_METHOD_MATCH = YES;
				"CODE_SIGN_IDENTITY[sdk=iphoneos*]" = "iPhone Developer";
				COPY_PHASE_STRIP = NO;
				GCC_C_LANGUAGE_STANDARD = gnu99;
				GCC_DYNAMIC_NO_PIC = NO;
				GCC_OPTIMIZATION_LEVEL = 0;
				GCC_PREPROCESSOR_DEFINITIONS = (
					"DEBUG=1",
					"$(inherited)",
				);
				GCC_SYMBOLS_PRIVATE_EXTERN = NO;
				GCC_WARN_64_TO_32_BIT_CONVERSION = YES;
				GCC_WARN_ABOUT_RETURN_TYPE = YES_ERROR;
				GCC_WARN_UNDECLARED_SELECTOR = YES;
				GCC_WARN_UNINITIALIZED_AUTOS = YES;
				GCC_WARN_UNUSED_FUNCTION = YES;
				GCC_WARN_UNUSED_VARIABLE = YES;
				IPHONEOS_DEPLOYMENT_TARGET = 7.0;
				ONLY_ACTIVE_ARCH = YES;
				SDKROOT = iphoneos;
			};
			name = Debug;
		};
		D9E27D04186D51D400C4CBEE /* Release */ = {
			isa = XCBuildConfiguration;
			buildSettings = {
				ALWAYS_SEARCH_USER_PATHS = NO;
				ARCHS = "$(ARCHS_STANDARD_INCLUDING_64_BIT)";
				CLANG_CXX_LANGUAGE_STANDARD = "gnu++0x";
				CLANG_CXX_LIBRARY = "libc++";
				CLANG_ENABLE_MODULES = YES;
				CLANG_ENABLE_OBJC_ARC = YES;
				CLANG_WARN_BOOL_CONVERSION = YES;
				CLANG_WARN_CONSTANT_CONVERSION = YES;
				CLANG_WARN_DIRECT_OBJC_ISA_USAGE = YES_ERROR;
				CLANG_WARN_EMPTY_BODY = YES;
				CLANG_WARN_ENUM_CONVERSION = YES;
				CLANG_WARN_INT_CONVERSION = YES;
				CLANG_WARN_OBJC_ROOT_CLASS = YES_ERROR;
				CLANG_WARN__DUPLICATE_METHOD_MATCH = YES;
				"CODE_SIGN_IDENTITY[sdk=iphoneos*]" = "iPhone Developer";
				COPY_PHASE_STRIP = YES;
				ENABLE_NS_ASSERTIONS = NO;
				GCC_C_LANGUAGE_STANDARD = gnu99;
				GCC_WARN_64_TO_32_BIT_CONVERSION = YES;
				GCC_WARN_ABOUT_RETURN_TYPE = YES_ERROR;
				GCC_WARN_UNDECLARED_SELECTOR = YES;
				GCC_WARN_UNINITIALIZED_AUTOS = YES;
				GCC_WARN_UNUSED_FUNCTION = YES;
				GCC_WARN_UNUSED_VARIABLE = YES;
				IPHONEOS_DEPLOYMENT_TARGET = 7.0;
				SDKROOT = iphoneos;
				VALIDATE_PRODUCT = YES;
			};
			name = Release;
		};
		D9E27D06186D51D400C4CBEE /* Debug */ = {
			isa = XCBuildConfiguration;
			buildSettings = {
				ASSETCATALOG_COMPILER_APPICON_NAME = AppIcon;
				ASSETCATALOG_COMPILER_LAUNCHIMAGE_NAME = LaunchImage;
				GCC_PRECOMPILE_PREFIX_HEADER = YES;
				GCC_PREFIX_HEADER = "WebViewDemo/WebViewDemo-Prefix.pch";
				INFOPLIST_FILE = "WebViewDemo/WebViewDemo-Info.plist";
				PRODUCT_NAME = "$(TARGET_NAME)";
				WRAPPER_EXTENSION = app;
			};
			name = Debug;
		};
		D9E27D07186D51D400C4CBEE /* Release */ = {
			isa = XCBuildConfiguration;
			buildSettings = {
				ASSETCATALOG_COMPILER_APPICON_NAME = AppIcon;
				ASSETCATALOG_COMPILER_LAUNCHIMAGE_NAME = LaunchImage;
				GCC_PRECOMPILE_PREFIX_HEADER = YES;
				GCC_PREFIX_HEADER = "WebViewDemo/WebViewDemo-Prefix.pch";
				INFOPLIST_FILE = "WebViewDemo/WebViewDemo-Info.plist";
				PRODUCT_NAME = "$(TARGET_NAME)";
				WRAPPER_EXTENSION = app;
			};
			name = Release;
		};
		D9E27D09186D51D400C4CBEE /* Debug */ = {
			isa = XCBuildConfiguration;
			buildSettings = {
				ARCHS = "$(ARCHS_STANDARD_INCLUDING_64_BIT)";
				BUNDLE_LOADER = "$(BUILT_PRODUCTS_DIR)/WebViewDemo.app/WebViewDemo";
				FRAMEWORK_SEARCH_PATHS = (
					"$(SDKROOT)/Developer/Library/Frameworks",
					"$(inherited)",
					"$(DEVELOPER_FRAMEWORKS_DIR)",
				);
				GCC_PRECOMPILE_PREFIX_HEADER = YES;
				GCC_PREFIX_HEADER = "WebViewDemo/WebViewDemo-Prefix.pch";
				GCC_PREPROCESSOR_DEFINITIONS = (
					"DEBUG=1",
					"$(inherited)",
				);
				INFOPLIST_FILE = "WebViewDemoTests/WebViewDemoTests-Info.plist";
				PRODUCT_NAME = "$(TARGET_NAME)";
				TEST_HOST = "$(BUNDLE_LOADER)";
				WRAPPER_EXTENSION = xctest;
			};
			name = Debug;
		};
		D9E27D0A186D51D400C4CBEE /* Release */ = {
			isa = XCBuildConfiguration;
			buildSettings = {
				ARCHS = "$(ARCHS_STANDARD_INCLUDING_64_BIT)";
				BUNDLE_LOADER = "$(BUILT_PRODUCTS_DIR)/WebViewDemo.app/WebViewDemo";
				FRAMEWORK_SEARCH_PATHS = (
					"$(SDKROOT)/Developer/Library/Frameworks",
					"$(inherited)",
					"$(DEVELOPER_FRAMEWORKS_DIR)",
				);
				GCC_PRECOMPILE_PREFIX_HEADER = YES;
				GCC_PREFIX_HEADER = "WebViewDemo/WebViewDemo-Prefix.pch";
				INFOPLIST_FILE = "WebViewDemoTests/WebViewDemoTests-Info.plist";
				PRODUCT_NAME = "$(TARGET_NAME)";
				TEST_HOST = "$(BUNDLE_LOADER)";
				WRAPPER_EXTENSION = xctest;
			};
			name = Release;
		};
/* End XCBuildConfiguration section */

/* Begin XCConfigurationList section */
		D9E27CCE186D51D400C4CBEE /* Build configuration list for PBXProject "WebViewDemo" */ = {
			isa = XCConfigurationList;
			buildConfigurations = (
				D9E27D03186D51D400C4CBEE /* Debug */,
				D9E27D04186D51D400C4CBEE /* Release */,
			);
			defaultConfigurationIsVisible = 0;
			defaultConfigurationName = Release;
		};
		D9E27D05186D51D400C4CBEE /* Build configuration list for PBXNativeTarget "WebViewDemo" */ = {
			isa = XCConfigurationList;
			buildConfigurations = (
				D9E27D06186D51D400C4CBEE /* Debug */,
				D9E27D07186D51D400C4CBEE /* Release */,
			);
			defaultConfigurationIsVisible = 0;
		};
		D9E27D08186D51D400C4CBEE /* Build configuration list for PBXNativeTarget "WebViewDemoTests" */ = {
			isa = XCConfigurationList;
			buildConfigurations = (
				D9E27D09186D51D400C4CBEE /* Debug */,
				D9E27D0A186D51D400C4CBEE /* Release */,
			);
			defaultConfigurationIsVisible = 0;
		};
/* End XCConfigurationList section */
	};
	rootObject = D9E27CCB186D51D400C4CBEE /* Project object */;
}
